
Microsoft Visual Studio Solution File, Format Version 12.00
# Visual Studio 15
VisualStudioVersion = 15.0.28307.572
MinimumVisualStudioVersion = 10.0.40219.1
Project("{FAE04EC0-301F-11D3-BF4B-00C04F79EFBC}") = "Store.Services", "Store.Services\Store.Services.csproj", "{4C5330C8-4C9A-42D1-AD1B-77D34C303DA6}"
EndProject
Project("{FAE04EC0-301F-11D3-BF4B-00C04F79EFBC}") = "Store.Models", "Store.Models\Store.Models.csproj", "{BBFF4967-0EA3-4464-A7BD-D57955089018}"
EndProject
Global
	GlobalSection(SolutionConfigurationPlatforms) = preSolution
		Debug|Any CPU = Debug|Any CPU
		Release|Any CPU = Release|Any CPU
	EndGlobalSection
	GlobalSection(ProjectConfigurationPlatforms) = postSolution
		{4C5330C8-4C9A-42D1-AD1B-77D34C303DA6}.Debug|Any CPU.ActiveCfg = Debug|Any CPU
		{4C5330C8-4C9A-42D1-AD1B-77D34C303DA6}.Debug|Any CPU.Build.0 = Debug|Any CPU
		{4C5330C8-4C9A-42D1-AD1B-77D34C303DA6}.Release|Any CPU.ActiveCfg = Release|Any CPU
		{4C5330C8-4C9A-42D1-AD1B-77D34C303DA6}.Release|Any CPU.Build.0 = Release|Any CPU
		{BBFF4967-0EA3-4464-A7BD-D57955089018}.Debug|Any CPU.ActiveCfg = Debug|Any CPU
		{BBFF4967-0EA3-4464-A7BD-D57955089018}.Debug|Any CPU.Build.0 = Debug|Any CPU
		{BBFF4967-0EA3-4464-A7BD-D57955089018}.Release|Any CPU.ActiveCfg = Release|Any CPU
		{BBFF4967-0EA3-4464-A7BD-D57955089018}.Release|Any CPU.Build.0 = Release|Any CPU
	EndGlobalSection
	GlobalSection(SolutionProperties) = preSolution
		HideSolutionNode = FALSE
	EndGlobalSection
	GlobalSection(ExtensibilityGlobals) = postSolution
		SolutionGuid = {39CA1990-9335-48E9-9FB2-8DD9234697DD}
	EndGlobalSection
EndGlobal
